
Microsoft Visual Studio Solution File, Format Version 12.00
# Visual Studio Version 16
VisualStudioVersion = 16.0.32228.343
MinimumVisualStudioVersion = 10.0.40219.1
Project("{FAE04EC0-301F-11D3-BF4B-00C04F79EFBC}") = "DvPTest", "DvPTest\DvPTest.csproj", "{8E4EA88D-7240-46EC-BC58-7B7F01F1638F}"
EndProject
Global
	GlobalSection(SolutionConfigurationPlatforms) = preSolution
		Debug|Any CPU = Debug|Any CPU
		Release|Any CPU = Release|Any CPU
	EndGlobalSection
	GlobalSection(ProjectConfigurationPlatforms) = postSolution
		{8E4EA88D-7240-46EC-BC58-7B7F01F1638F}.Debug|Any CPU.ActiveCfg = Debug|Any CPU
		{8E4EA88D-7240-46EC-BC58-7B7F01F1638F}.Debug|Any CPU.Build.0 = Debug|Any CPU
		{8E4EA88D-7240-46EC-BC58-7B7F01F1638F}.Release|Any CPU.ActiveCfg = Release|Any CPU
		{8E4EA88D-7240-46EC-BC58-7B7F01F1638F}.Release|Any CPU.Build.0 = Release|Any CPU
	EndGlobalSection
	GlobalSection(SolutionProperties) = preSolution
		HideSolutionNode = FALSE
	EndGlobalSection
	GlobalSection(ExtensibilityGlobals) = postSolution
		SolutionGuid = {247FD727-5F8F-4222-9DE5-ADE5ACD79C37}
	EndGlobalSection
EndGlobal
